
Microsoft Visual Studio Solution File, Format Version 12.00
# Visual Studio Version 17
VisualStudioVersion = 17.14.37027.9 d17.14
MinimumVisualStudioVersion = 10.0.40219.1
Project("{FAE04EC0-301F-11D3-BF4B-00C04F79EFBC}") = "Api_Peliculas", "Api_Peliculas\Api_Peliculas.csproj", "{D4395E7D-5696-43F1-9027-A8EBA35F751A}"
EndProject
Global
	GlobalSection(SolutionConfigurationPlatforms) = preSolution
		Debug|Any CPU = Debug|Any CPU
		Release|Any CPU = Release|Any CPU
	EndGlobalSection
	GlobalSection(ProjectConfigurationPlatforms) = postSolution
		{D4395E7D-5696-43F1-9027-A8EBA35F751A}.Debug|Any CPU.ActiveCfg = Debug|Any CPU
		{D4395E7D-5696-43F1-9027-A8EBA35F751A}.Debug|Any CPU.Build.0 = Debug|Any CPU
		{D4395E7D-5696-43F1-9027-A8EBA35F751A}.Release|Any CPU.ActiveCfg = Release|Any CPU
		{D4395E7D-5696-43F1-9027-A8EBA35F751A}.Release|Any CPU.Build.0 = Release|Any CPU
	EndGlobalSection
	GlobalSection(SolutionProperties) = preSolution
		HideSolutionNode = FALSE
	EndGlobalSection
	GlobalSection(ExtensibilityGlobals) = postSolution
		SolutionGuid = {390A533C-B883-4D8D-BA2C-21F8CD83A4D2}
	EndGlobalSection
EndGlobal
